
Microsoft Visual Studio Solution File, Format Version 12.00
# Visual Studio Version 17
VisualStudioVersion = 17.11.35219.272
MinimumVisualStudioVersion = 10.0.40219.1
Project("{FAE04EC0-301F-11D3-BF4B-00C04F79EFBC}") = "Drink Distributor", "Drink Distributor.csproj", "{BC3B77C1-1DBC-413D-BFE7-90E03AAD6EA3}"
EndProject
Global
	GlobalSection(SolutionConfigurationPlatforms) = preSolution
		Debug|Any CPU = Debug|Any CPU
		Release|Any CPU = Release|Any CPU
	EndGlobalSection
	GlobalSection(ProjectConfigurationPlatforms) = postSolution
		{BC3B77C1-1DBC-413D-BFE7-90E03AAD6EA3}.Debug|Any CPU.ActiveCfg = Debug|Any CPU
		{BC3B77C1-1DBC-413D-BFE7-90E03AAD6EA3}.Debug|Any CPU.Build.0 = Debug|Any CPU
		{BC3B77C1-1DBC-413D-BFE7-90E03AAD6EA3}.Release|Any CPU.ActiveCfg = Release|Any CPU
		{BC3B77C1-1DBC-413D-BFE7-90E03AAD6EA3}.Release|Any CPU.Build.0 = Release|Any CPU
	EndGlobalSection
	GlobalSection(SolutionProperties) = preSolution
		HideSolutionNode = FALSE
	EndGlobalSection
	GlobalSection(ExtensibilityGlobals) = postSolution
		SolutionGuid = {F189FCB4-989F-466B-B0AE-B2571878F619}
	EndGlobalSection
EndGlobal
